// !$*UTF8*$!
{
	archiveVersion = 1;
	classes = {
	};
	objectVersion = 55;
	objects = {

/* Begin PBXBuildFile section */
		501A697127399B5500E1172F /* FlashcardCell.swift in Sources */ = {isa = PBXBuildFile; fileRef = 501A696F27399B5500E1172F /* FlashcardCell.swift */; };
		501A697227399B5500E1172F /* FlashcardCell.xib in Resources */ = {isa = PBXBuildFile; fileRef = 501A697027399B5500E1172F /* FlashcardCell.xib */; };
		501A697427399D5400E1172F /* AccountViewController.swift in Sources */ = {isa = PBXBuildFile; fileRef = 501A697327399D5400E1172F /* AccountViewController.swift */; };
		501A697627399D7800E1172F /* CreateViewController.swift in Sources */ = {isa = PBXBuildFile; fileRef = 501A697527399D7800E1172F /* CreateViewController.swift */; };
		501A697827399D8E00E1172F /* CardsViewController.swift in Sources */ = {isa = PBXBuildFile; fileRef = 501A697727399D8E00E1172F /* CardsViewController.swift */; };
		E9D9981627397AA90023F123 /* AppDelegate.swift in Sources */ = {isa = PBXBuildFile; fileRef = E9D9981527397AA90023F123 /* AppDelegate.swift */; };
		E9D9981827397AA90023F123 /* SceneDelegate.swift in Sources */ = {isa = PBXBuildFile; fileRef = E9D9981727397AA90023F123 /* SceneDelegate.swift */; };
		E9D9981D27397AA90023F123 /* Main.storyboard in Resources */ = {isa = PBXBuildFile; fileRef = E9D9981B27397AA90023F123 /* Main.storyboard */; };
		E9D9981F27397AAB0023F123 /* Assets.xcassets in Resources */ = {isa = PBXBuildFile; fileRef = E9D9981E27397AAB0023F123 /* Assets.xcassets */; };
		E9D9982227397AAB0023F123 /* LaunchScreen.storyboard in Resources */ = {isa = PBXBuildFile; fileRef = E9D9982027397AAB0023F123 /* LaunchScreen.storyboard */; };
		E9D9982D27397AAC0023F123 /* FlashCardsTests.swift in Sources */ = {isa = PBXBuildFile; fileRef = E9D9982C27397AAC0023F123 /* FlashCardsTests.swift */; };
		E9D9983727397AAC0023F123 /* FlashCardsUITests.swift in Sources */ = {isa = PBXBuildFile; fileRef = E9D9983627397AAC0023F123 /* FlashCardsUITests.swift */; };
		E9D9983927397AAC0023F123 /* FlashCardsUITestsLaunchTests.swift in Sources */ = {isa = PBXBuildFile; fileRef = E9D9983827397AAC0023F123 /* FlashCardsUITestsLaunchTests.swift */; };
		E9D9984D273980530023F123 /* GoogleService-Info.plist in Resources */ = {isa = PBXBuildFile; fileRef = E9D9984C273980530023F123 /* GoogleService-Info.plist */; };
		E9D998502739817E0023F123 /* FirebaseAuth in Frameworks */ = {isa = PBXBuildFile; productRef = E9D9984F2739817E0023F123 /* FirebaseAuth */; };
		E9D998522739817E0023F123 /* FirebaseCrashlytics in Frameworks */ = {isa = PBXBuildFile; productRef = E9D998512739817E0023F123 /* FirebaseCrashlytics */; };
		E9D998542739817E0023F123 /* FirebaseDatabase in Frameworks */ = {isa = PBXBuildFile; productRef = E9D998532739817E0023F123 /* FirebaseDatabase */; };
		E9D998562739817E0023F123 /* FirebaseFirestore in Frameworks */ = {isa = PBXBuildFile; productRef = E9D998552739817E0023F123 /* FirebaseFirestore */; };
		E9D998582739817E0023F123 /* FirebaseRemoteConfig in Frameworks */ = {isa = PBXBuildFile; productRef = E9D998572739817E0023F123 /* FirebaseRemoteConfig */; };
		E9D9985A2739845C0023F123 /* Auth.storyboard in Resources */ = {isa = PBXBuildFile; fileRef = E9D998592739845C0023F123 /* Auth.storyboard */; };
		E9D9985F273985190023F123 /* AuthViewController.swift in Sources */ = {isa = PBXBuildFile; fileRef = E9D9985E273985190023F123 /* AuthViewController.swift */; };
		E9D99861273986200023F123 /* Coordinator.swift in Sources */ = {isa = PBXBuildFile; fileRef = E9D99860273986200023F123 /* Coordinator.swift */; };
/* End PBXBuildFile section */

/* Begin PBXContainerItemProxy section */
		E9D9982927397AAC0023F123 /* PBXContainerItemProxy */ = {
			isa = PBXContainerItemProxy;
			containerPortal = E9D9980A27397AA90023F123 /* Project object */;
			proxyType = 1;
			remoteGlobalIDString = E9D9981127397AA90023F123;
			remoteInfo = FlashCards;
		};
		E9D9983327397AAC0023F123 /* PBXContainerItemProxy */ = {
			isa = PBXContainerItemProxy;
			containerPortal = E9D9980A27397AA90023F123 /* Project object */;
			proxyType = 1;
			remoteGlobalIDString = E9D9981127397AA90023F123;
			remoteInfo = FlashCards;
		};
/* End PBXContainerItemProxy section */

/* Begin PBXFileReference section */
		501A696F27399B5500E1172F /* FlashcardCell.swift */ = {isa = PBXFileReference; lastKnownFileType = sourcecode.swift; path = FlashcardCell.swift; sourceTree = "<group>"; };
		501A697027399B5500E1172F /* FlashcardCell.xib */ = {isa = PBXFileReference; lastKnownFileType = file.xib; path = FlashcardCell.xib; sourceTree = "<group>"; };
		501A697327399D5400E1172F /* AccountViewController.swift */ = {isa = PBXFileReference; lastKnownFileType = sourcecode.swift; path = AccountViewController.swift; sourceTree = "<group>"; };
		501A697527399D7800E1172F /* CreateViewController.swift */ = {isa = PBXFileReference; lastKnownFileType = sourcecode.swift; path = CreateViewController.swift; sourceTree = "<group>"; };
		501A697727399D8E00E1172F /* CardsViewController.swift */ = {isa = PBXFileReference; lastKnownFileType = sourcecode.swift; path = CardsViewController.swift; sourceTree = "<group>"; };
		E9D9981227397AA90023F123 /* FlashCards.app */ = {isa = PBXFileReference; explicitFileType = wrapper.application; includeInIndex = 0; path = FlashCards.app; sourceTree = BUILT_PRODUCTS_DIR; };
		E9D9981527397AA90023F123 /* AppDelegate.swift */ = {isa = PBXFileReference; lastKnownFileType = sourcecode.swift; path = AppDelegate.swift; sourceTree = "<group>"; };
		E9D9981727397AA90023F123 /* SceneDelegate.swift */ = {isa = PBXFileReference; lastKnownFileType = sourcecode.swift; path = SceneDelegate.swift; sourceTree = "<group>"; };
		E9D9981C27397AA90023F123 /* Base */ = {isa = PBXFileReference; lastKnownFileType = file.storyboard; name = Base; path = Base.lproj/Main.storyboard; sourceTree = "<group>"; };
		E9D9981E27397AAB0023F123 /* Assets.xcassets */ = {isa = PBXFileReference; lastKnownFileType = folder.assetcatalog; path = Assets.xcassets; sourceTree = "<group>"; };
		E9D9982127397AAB0023F123 /* Base */ = {isa = PBXFileReference; lastKnownFileType = file.storyboard; name = Base; path = Base.lproj/LaunchScreen.storyboard; sourceTree = "<group>"; };
		E9D9982327397AAB0023F123 /* Info.plist */ = {isa = PBXFileReference; lastKnownFileType = text.plist.xml; path = Info.plist; sourceTree = "<group>"; };
		E9D9982827397AAC0023F123 /* FlashCardsTests.xctest */ = {isa = PBXFileReference; explicitFileType = wrapper.cfbundle; includeInIndex = 0; path = FlashCardsTests.xctest; sourceTree = BUILT_PRODUCTS_DIR; };
		E9D9982C27397AAC0023F123 /* FlashCardsTests.swift */ = {isa = PBXFileReference; lastKnownFileType = sourcecode.swift; path = FlashCardsTests.swift; sourceTree = "<group>"; };
		E9D9983227397AAC0023F123 /* FlashCardsUITests.xctest */ = {isa = PBXFileReference; explicitFileType = wrapper.cfbundle; includeInIndex = 0; path = FlashCardsUITests.xctest; sourceTree = BUILT_PRODUCTS_DIR; };
		E9D9983627397AAC0023F123 /* FlashCardsUITests.swift */ = {isa = PBXFileReference; lastKnownFileType = sourcecode.swift; path = FlashCardsUITests.swift; sourceTree = "<group>"; };
		E9D9983827397AAC0023F123 /* FlashCardsUITestsLaunchTests.swift */ = {isa = PBXFileReference; lastKnownFileType = sourcecode.swift; path = FlashCardsUITestsLaunchTests.swift; sourceTree = "<group>"; };
		E9D9984C273980530023F123 /* GoogleService-Info.plist */ = {isa = PBXFileReference; fileEncoding = 4; lastKnownFileType = text.plist.xml; name = "GoogleService-Info.plist"; path = "../../../../../Downloads/GoogleService-Info.plist"; sourceTree = "<group>"; };
		E9D998592739845C0023F123 /* Auth.storyboard */ = {isa = PBXFileReference; lastKnownFileType = file.storyboard; path = Auth.storyboard; sourceTree = "<group>"; };
		E9D9985E273985190023F123 /* AuthViewController.swift */ = {isa = PBXFileReference; lastKnownFileType = sourcecode.swift; path = AuthViewController.swift; sourceTree = "<group>"; };
		E9D99860273986200023F123 /* Coordinator.swift */ = {isa = PBXFileReference; lastKnownFileType = sourcecode.swift; path = Coordinator.swift; sourceTree = "<group>"; };
/* End PBXFileReference section */

/* Begin PBXFrameworksBuildPhase section */
		E9D9980F27397AA90023F123 /* Frameworks */ = {
			isa = PBXFrameworksBuildPhase;
			buildActionMask = 2147483647;
			files = (
				E9D998542739817E0023F123 /* FirebaseDatabase in Frameworks */,
				E9D998562739817E0023F123 /* FirebaseFirestore in Frameworks */,
				E9D998502739817E0023F123 /* FirebaseAuth in Frameworks */,
				E9D998522739817E0023F123 /* FirebaseCrashlytics in Frameworks */,
				E9D998582739817E0023F123 /* FirebaseRemoteConfig in Frameworks */,
			);
			runOnlyForDeploymentPostprocessing = 0;
		};
		E9D9982527397AAC0023F123 /* Frameworks */ = {
			isa = PBXFrameworksBuildPhase;
			buildActionMask = 2147483647;
			files = (
			);
			runOnlyForDeploymentPostprocessing = 0;
		};
		E9D9982F27397AAC0023F123 /* Frameworks */ = {
			isa = PBXFrameworksBuildPhase;
			buildActionMask = 2147483647;
			files = (
			);
			runOnlyForDeploymentPostprocessing = 0;
		};
/* End PBXFrameworksBuildPhase section */

/* Begin PBXGroup section */
		E9D9980927397AA90023F123 = {
			isa = PBXGroup;
			children = (
				E9D9981427397AA90023F123 /* FlashCards */,
				E9D9982B27397AAC0023F123 /* FlashCardsTests */,
				E9D9983527397AAC0023F123 /* FlashCardsUITests */,
				E9D9981327397AA90023F123 /* Products */,
			);
			sourceTree = "<group>";
		};
		E9D9981327397AA90023F123 /* Products */ = {
			isa = PBXGroup;
			children = (
				E9D9981227397AA90023F123 /* FlashCards.app */,
				E9D9982827397AAC0023F123 /* FlashCardsTests.xctest */,
				E9D9983227397AAC0023F123 /* FlashCardsUITests.xctest */,
			);
			name = Products;
			sourceTree = "<group>";
		};
		E9D9981427397AA90023F123 /* FlashCards */ = {
			isa = PBXGroup;
			children = (
				E9D9984C273980530023F123 /* GoogleService-Info.plist */,
				E9D9984B27397B6B0023F123 /* Story Boards */,
				E9D9984A27397B510023F123 /* Coordinators */,
				E9D9984927397B340023F123 /* Controllers */,
				E9D9984827397B2E0023F123 /* Views */,
				E9D9984727397B240023F123 /* View Models */,
				E9D9984627397B1B0023F123 /* Models */,
				E9D9984527397B000023F123 /* Utils */,
			);
			path = FlashCards;
			sourceTree = "<group>";
		};
		E9D9982B27397AAC0023F123 /* FlashCardsTests */ = {
			isa = PBXGroup;
			children = (
				E9D9982C27397AAC0023F123 /* FlashCardsTests.swift */,
			);
			path = FlashCardsTests;
			sourceTree = "<group>";
		};
		E9D9983527397AAC0023F123 /* FlashCardsUITests */ = {
			isa = PBXGroup;
			children = (
				E9D9983627397AAC0023F123 /* FlashCardsUITests.swift */,
				E9D9983827397AAC0023F123 /* FlashCardsUITestsLaunchTests.swift */,
			);
			path = FlashCardsUITests;
			sourceTree = "<group>";
		};
		E9D9984527397B000023F123 /* Utils */ = {
			isa = PBXGroup;
			children = (
				E9D9981727397AA90023F123 /* SceneDelegate.swift */,
				E9D9981E27397AAB0023F123 /* Assets.xcassets */,
				E9D9982327397AAB0023F123 /* Info.plist */,
				E9D9982027397AAB0023F123 /* LaunchScreen.storyboard */,
				E9D9981527397AA90023F123 /* AppDelegate.swift */,
			);
			name = Utils;
			sourceTree = "<group>";
		};
		E9D9984627397B1B0023F123 /* Models */ = {
			isa = PBXGroup;
			children = (
			);
			name = Models;
			sourceTree = "<group>";
		};
		E9D9984727397B240023F123 /* View Models */ = {
			isa = PBXGroup;
			children = (
			);
			name = "View Models";
			sourceTree = "<group>";
		};
		E9D9984827397B2E0023F123 /* Views */ = {
			isa = PBXGroup;
			children = (
				501A696F27399B5500E1172F /* FlashcardCell.swift */,
				501A697027399B5500E1172F /* FlashcardCell.xib */,
			);
			name = Views;
			sourceTree = "<group>";
		};
		E9D9984927397B340023F123 /* Controllers */ = {
			isa = PBXGroup;
			children = (
				E9D9985B273984D70023F123 /* Auth */,
				501A697327399D5400E1172F /* AccountViewController.swift */,
				501A697527399D7800E1172F /* CreateViewController.swift */,
				501A697727399D8E00E1172F /* CardsViewController.swift */,
			);
			name = Controllers;
			sourceTree = "<group>";
		};
		E9D9984A27397B510023F123 /* Coordinators */ = {
			isa = PBXGroup;
			children = (
				E9D99860273986200023F123 /* Coordinator.swift */,
			);
			name = Coordinators;
			sourceTree = "<group>";
		};
		E9D9984B27397B6B0023F123 /* Story Boards */ = {
			isa = PBXGroup;
			children = (
				E9D9981B27397AA90023F123 /* Main.storyboard */,
				E9D998592739845C0023F123 /* Auth.storyboard */,
			);
			name = "Story Boards";
			sourceTree = "<group>";
		};
		E9D9985B273984D70023F123 /* Auth */ = {
			isa = PBXGroup;
			children = (
				E9D9985E273985190023F123 /* AuthViewController.swift */,
			);
			name = Auth;
			sourceTree = "<group>";
		};
/* End PBXGroup section */

/* Begin PBXNativeTarget section */
		E9D9981127397AA90023F123 /* FlashCards */ = {
			isa = PBXNativeTarget;
			buildConfigurationList = E9D9983C27397AAC0023F123 /* Build configuration list for PBXNativeTarget "FlashCards" */;
			buildPhases = (
				E9D9980E27397AA90023F123 /* Sources */,
				E9D9980F27397AA90023F123 /* Frameworks */,
				E9D9981027397AA90023F123 /* Resources */,
			);
			buildRules = (
			);
			dependencies = (
			);
			name = FlashCards;
			packageProductDependencies = (
				E9D9984F2739817E0023F123 /* FirebaseAuth */,
				E9D998512739817E0023F123 /* FirebaseCrashlytics */,
				E9D998532739817E0023F123 /* FirebaseDatabase */,
				E9D998552739817E0023F123 /* FirebaseFirestore */,
				E9D998572739817E0023F123 /* FirebaseRemoteConfig */,
			);
			productName = FlashCards;
			productReference = E9D9981227397AA90023F123 /* FlashCards.app */;
			productType = "com.apple.product-type.application";
		};
		E9D9982727397AAC0023F123 /* FlashCardsTests */ = {
			isa = PBXNativeTarget;
			buildConfigurationList = E9D9983F27397AAC0023F123 /* Build configuration list for PBXNativeTarget "FlashCardsTests" */;
			buildPhases = (
				E9D9982427397AAC0023F123 /* Sources */,
				E9D9982527397AAC0023F123 /* Frameworks */,
				E9D9982627397AAC0023F123 /* Resources */,
			);
			buildRules = (
			);
			dependencies = (
				E9D9982A27397AAC0023F123 /* PBXTargetDependency */,
			);
			name = FlashCardsTests;
			productName = FlashCardsTests;
			productReference = E9D9982827397AAC0023F123 /* FlashCardsTests.xctest */;
			productType = "com.apple.product-type.bundle.unit-test";
		};
		E9D9983127397AAC0023F123 /* FlashCardsUITests */ = {
			isa = PBXNativeTarget;
			buildConfigurationList = E9D9984227397AAC0023F123 /* Build configuration list for PBXNativeTarget "FlashCardsUITests" */;
			buildPhases = (
				E9D9982E27397AAC0023F123 /* Sources */,
				E9D9982F27397AAC0023F123 /* Frameworks */,
				E9D9983027397AAC0023F123 /* Resources */,
			);
			buildRules = (
			);
			dependencies = (
				E9D9983427397AAC0023F123 /* PBXTargetDependency */,
			);
			name = FlashCardsUITests;
			productName = FlashCardsUITests;
			productReference = E9D9983227397AAC0023F123 /* FlashCardsUITests.xctest */;
			productType = "com.apple.product-type.bundle.ui-testing";
		};
/* End PBXNativeTarget section */

/* Begin PBXProject section */
		E9D9980A27397AA90023F123 /* Project object */ = {
			isa = PBXProject;
			attributes = {
				BuildIndependentTargetsInParallel = 1;
				LastSwiftUpdateCheck = 1300;
				LastUpgradeCheck = 1300;
				TargetAttributes = {
					E9D9981127397AA90023F123 = {
						CreatedOnToolsVersion = 13.0;
					};
					E9D9982727397AAC0023F123 = {
						CreatedOnToolsVersion = 13.0;
						TestTargetID = E9D9981127397AA90023F123;
					};
					E9D9983127397AAC0023F123 = {
						CreatedOnToolsVersion = 13.0;
						TestTargetID = E9D9981127397AA90023F123;
					};
				};
			};
			buildConfigurationList = E9D9980D27397AA90023F123 /* Build configuration list for PBXProject "FlashCards" */;
			compatibilityVersion = "Xcode 13.0";
			developmentRegion = en;
			hasScannedForEncodings = 0;
			knownRegions = (
				en,
				Base,
			);
			mainGroup = E9D9980927397AA90023F123;
			packageReferences = (
				E9D9984E2739817E0023F123 /* XCRemoteSwiftPackageReference "firebase-ios-sdk" */,
			);
			productRefGroup = E9D9981327397AA90023F123 /* Products */;
			projectDirPath = "";
			projectRoot = "";
			targets = (
				E9D9981127397AA90023F123 /* FlashCards */,
				E9D9982727397AAC0023F123 /* FlashCardsTests */,
				E9D9983127397AAC0023F123 /* FlashCardsUITests */,
			);
		};
/* End PBXProject section */

/* Begin PBXResourcesBuildPhase section */
		E9D9981027397AA90023F123 /* Resources */ = {
			isa = PBXResourcesBuildPhase;
			buildActionMask = 2147483647;
			files = (
				E9D9982227397AAB0023F123 /* LaunchScreen.storyboard in Resources */,
				E9D9984D273980530023F123 /* GoogleService-Info.plist in Resources */,
				E9D9985A2739845C0023F123 /* Auth.storyboard in Resources */,
				E9D9981F27397AAB0023F123 /* Assets.xcassets in Resources */,
				501A697227399B5500E1172F /* FlashcardCell.xib in Resources */,
				E9D9981D27397AA90023F123 /* Main.storyboard in Resources */,
			);
			runOnlyForDeploymentPostprocessing = 0;
		};
		E9D9982627397AAC0023F123 /* Resources */ = {
			isa = PBXResourcesBuildPhase;
			buildActionMask = 2147483647;
			files = (
			);
			runOnlyForDeploymentPostprocessing = 0;
		};
		E9D9983027397AAC0023F123 /* Resources */ = {
			isa = PBXResourcesBuildPhase;
			buildActionMask = 2147483647;
			files = (
			);
			runOnlyForDeploymentPostprocessing = 0;
		};
/* End PBXResourcesBuildPhase section */

/* Begin PBXSourcesBuildPhase section */
		E9D9980E27397AA90023F123 /* Sources */ = {
			isa = PBXSourcesBuildPhase;
			buildActionMask = 2147483647;
			files = (
				501A697827399D8E00E1172F /* CardsViewController.swift in Sources */,
				E9D9985F273985190023F123 /* AuthViewController.swift in Sources */,
				E9D99861273986200023F123 /* Coordinator.swift in Sources */,
				501A697627399D7800E1172F /* CreateViewController.swift in Sources */,
				501A697427399D5400E1172F /* AccountViewController.swift in Sources */,
				E9D9981627397AA90023F123 /* AppDelegate.swift in Sources */,
				501A697127399B5500E1172F /* FlashcardCell.swift in Sources */,
				E9D9981827397AA90023F123 /* SceneDelegate.swift in Sources */,
			);
			runOnlyForDeploymentPostprocessing = 0;
		};
		E9D9982427397AAC0023F123 /* Sources */ = {
			isa = PBXSourcesBuildPhase;
			buildActionMask = 2147483647;
			files = (
				E9D9982D27397AAC0023F123 /* FlashCardsTests.swift in Sources */,
			);
			runOnlyForDeploymentPostprocessing = 0;
		};
		E9D9982E27397AAC0023F123 /* Sources */ = {
			isa = PBXSourcesBuildPhase;
			buildActionMask = 2147483647;
			files = (
				E9D9983727397AAC0023F123 /* FlashCardsUITests.swift in Sources */,
				E9D9983927397AAC0023F123 /* FlashCardsUITestsLaunchTests.swift in Sources */,
			);
			runOnlyForDeploymentPostprocessing = 0;
		};
/* End PBXSourcesBuildPhase section */

/* Begin PBXTargetDependency section */
		E9D9982A27397AAC0023F123 /* PBXTargetDependency */ = {
			isa = PBXTargetDependency;
			target = E9D9981127397AA90023F123 /* FlashCards */;
			targetProxy = E9D9982927397AAC0023F123 /* PBXContainerItemProxy */;
		};
		E9D9983427397AAC0023F123 /* PBXTargetDependency */ = {
			isa = PBXTargetDependency;
			target = E9D9981127397AA90023F123 /* FlashCards */;
			targetProxy = E9D9983327397AAC0023F123 /* PBXContainerItemProxy */;
		};
/* End PBXTargetDependency section */

/* Begin PBXVariantGroup section */
		E9D9981B27397AA90023F123 /* Main.storyboard */ = {
			isa = PBXVariantGroup;
			children = (
				E9D9981C27397AA90023F123 /* Base */,
			);
			name = Main.storyboard;
			sourceTree = "<group>";
		};
		E9D9982027397AAB0023F123 /* LaunchScreen.storyboard */ = {
			isa = PBXVariantGroup;
			children = (
				E9D9982127397AAB0023F123 /* Base */,
			);
			name = LaunchScreen.storyboard;
			sourceTree = "<group>";
		};
/* End PBXVariantGroup section */

/* Begin XCBuildConfiguration section */
		E9D9983A27397AAC0023F123 /* Debug */ = {
			isa = XCBuildConfiguration;
			buildSettings = {
				ALWAYS_SEARCH_USER_PATHS = NO;
				CLANG_ANALYZER_NONNULL = YES;
				CLANG_ANALYZER_NUMBER_OBJECT_CONVERSION = YES_AGGRESSIVE;
				CLANG_CXX_LANGUAGE_STANDARD = "gnu++17";
				CLANG_CXX_LIBRARY = "libc++";
				CLANG_ENABLE_MODULES = YES;
				CLANG_ENABLE_OBJC_ARC = YES;
				CLANG_ENABLE_OBJC_WEAK = YES;
				CLANG_WARN_BLOCK_CAPTURE_AUTORELEASING = YES;
				CLANG_WARN_BOOL_CONVERSION = YES;
				CLANG_WARN_COMMA = YES;
				CLANG_WARN_CONSTANT_CONVERSION = YES;
				CLANG_WARN_DEPRECATED_OBJC_IMPLEMENTATIONS = YES;
				CLANG_WARN_DIRECT_OBJC_ISA_USAGE = YES_ERROR;
				CLANG_WARN_DOCUMENTATION_COMMENTS = YES;
				CLANG_WARN_EMPTY_BODY = YES;
				CLANG_WARN_ENUM_CONVERSION = YES;
				CLANG_WARN_INFINITE_RECURSION = YES;
				CLANG_WARN_INT_CONVERSION = YES;
				CLANG_WARN_NON_LITERAL_NULL_CONVERSION = YES;
				CLANG_WARN_OBJC_IMPLICIT_RETAIN_SELF = YES;
				CLANG_WARN_OBJC_LITERAL_CONVERSION = YES;
				CLANG_WARN_OBJC_ROOT_CLASS = YES_ERROR;
				CLANG_WARN_QUOTED_INCLUDE_IN_FRAMEWORK_HEADER = YES;
				CLANG_WARN_RANGE_LOOP_ANALYSIS = YES;
				CLANG_WARN_STRICT_PROTOTYPES = YES;
				CLANG_WARN_SUSPICIOUS_MOVE = YES;
				CLANG_WARN_UNGUARDED_AVAILABILITY = YES_AGGRESSIVE;
				CLANG_WARN_UNREACHABLE_CODE = YES;
				CLANG_WARN__DUPLICATE_METHOD_MATCH = YES;
				COPY_PHASE_STRIP = NO;
				DEBUG_INFORMATION_FORMAT = dwarf;
				ENABLE_STRICT_OBJC_MSGSEND = YES;
				ENABLE_TESTABILITY = YES;
				GCC_C_LANGUAGE_STANDARD = gnu11;
				GCC_DYNAMIC_NO_PIC = NO;
				GCC_NO_COMMON_BLOCKS = YES;
				GCC_OPTIMIZATION_LEVEL = 0;
				GCC_PREPROCESSOR_DEFINITIONS = (
					"DEBUG=1",
					"$(inherited)",
				);
				GCC_WARN_64_TO_32_BIT_CONVERSION = YES;
				GCC_WARN_ABOUT_RETURN_TYPE = YES_ERROR;
				GCC_WARN_UNDECLARED_SELECTOR = YES;
				GCC_WARN_UNINITIALIZED_AUTOS = YES_AGGRESSIVE;
				GCC_WARN_UNUSED_FUNCTION = YES;
				GCC_WARN_UNUSED_VARIABLE = YES;
				IPHONEOS_DEPLOYMENT_TARGET = 15.0;
				MTL_ENABLE_DEBUG_INFO = INCLUDE_SOURCE;
				MTL_FAST_MATH = YES;
				ONLY_ACTIVE_ARCH = YES;
				SDKROOT = iphoneos;
				SWIFT_ACTIVE_COMPILATION_CONDITIONS = DEBUG;
				SWIFT_OPTIMIZATION_LEVEL = "-Onone";
			};
			name = Debug;
		};
		E9D9983B27397AAC0023F123 /* Release */ = {
			isa = XCBuildConfiguration;
			buildSettings = {
				ALWAYS_SEARCH_USER_PATHS = NO;
				CLANG_ANALYZER_NONNULL = YES;
				CLANG_ANALYZER_NUMBER_OBJECT_CONVERSION = YES_AGGRESSIVE;
				CLANG_CXX_LANGUAGE_STANDARD = "gnu++17";
				CLANG_CXX_LIBRARY = "libc++";
				CLANG_ENABLE_MODULES = YES;
				CLANG_ENABLE_OBJC_ARC = YES;
				CLANG_ENABLE_OBJC_WEAK = YES;
				CLANG_WARN_BLOCK_CAPTURE_AUTORELEASING = YES;
				CLANG_WARN_BOOL_CONVERSION = YES;
				CLANG_WARN_COMMA = YES;
				CLANG_WARN_CONSTANT_CONVERSION = YES;
				CLANG_WARN_DEPRECATED_OBJC_IMPLEMENTATIONS = YES;
				CLANG_WARN_DIRECT_OBJC_ISA_USAGE = YES_ERROR;
				CLANG_WARN_DOCUMENTATION_COMMENTS = YES;
				CLANG_WARN_EMPTY_BODY = YES;
				CLANG_WARN_ENUM_CONVERSION = YES;
				CLANG_WARN_INFINITE_RECURSION = YES;
				CLANG_WARN_INT_CONVERSION = YES;
				CLANG_WARN_NON_LITERAL_NULL_CONVERSION = YES;
				CLANG_WARN_OBJC_IMPLICIT_RETAIN_SELF = YES;
				CLANG_WARN_OBJC_LITERAL_CONVERSION = YES;
				CLANG_WARN_OBJC_ROOT_CLASS = YES_ERROR;
				CLANG_WARN_QUOTED_INCLUDE_IN_FRAMEWORK_HEADER = YES;
				CLANG_WARN_RANGE_LOOP_ANALYSIS = YES;
				CLANG_WARN_STRICT_PROTOTYPES = YES;
				CLANG_WARN_SUSPICIOUS_MOVE = YES;
				CLANG_WARN_UNGUARDED_AVAILABILITY = YES_AGGRESSIVE;
				CLANG_WARN_UNREACHABLE_CODE = YES;
				CLANG_WARN__DUPLICATE_METHOD_MATCH = YES;
				COPY_PHASE_STRIP = NO;
				DEBUG_INFORMATION_FORMAT = "dwarf-with-dsym";
				ENABLE_NS_ASSERTIONS = NO;
				ENABLE_STRICT_OBJC_MSGSEND = YES;
				GCC_C_LANGUAGE_STANDARD = gnu11;
				GCC_NO_COMMON_BLOCKS = YES;
				GCC_WARN_64_TO_32_BIT_CONVERSION = YES;
				GCC_WARN_ABOUT_RETURN_TYPE = YES_ERROR;
				GCC_WARN_UNDECLARED_SELECTOR = YES;
				GCC_WARN_UNINITIALIZED_AUTOS = YES_AGGRESSIVE;
				GCC_WARN_UNUSED_FUNCTION = YES;
				GCC_WARN_UNUSED_VARIABLE = YES;
				IPHONEOS_DEPLOYMENT_TARGET = 15.0;
				MTL_ENABLE_DEBUG_INFO = NO;
				MTL_FAST_MATH = YES;
				SDKROOT = iphoneos;
				SWIFT_COMPILATION_MODE = wholemodule;
				SWIFT_OPTIMIZATION_LEVEL = "-O";
				VALIDATE_PRODUCT = YES;
			};
			name = Release;
		};
		E9D9983D27397AAC0023F123 /* Debug */ = {
			isa = XCBuildConfiguration;
			buildSettings = {
				ASSETCATALOG_COMPILER_APPICON_NAME = AppIcon;
				ASSETCATALOG_COMPILER_GLOBAL_ACCENT_COLOR_NAME = AccentColor;
				CODE_SIGN_STYLE = Automatic;
				CURRENT_PROJECT_VERSION = 1;
				DEVELOPMENT_TEAM = R2784TVUZS;
				GENERATE_INFOPLIST_FILE = YES;
				INFOPLIST_FILE = FlashCards/Info.plist;
				INFOPLIST_KEY_UIApplicationSupportsIndirectInputEvents = YES;
				INFOPLIST_KEY_UILaunchStoryboardName = LaunchScreen;
				INFOPLIST_KEY_UIMainStoryboardFile = Main;
				INFOPLIST_KEY_UISupportedInterfaceOrientations_iPad = "UIInterfaceOrientationPortrait UIInterfaceOrientationPortraitUpsideDown UIInterfaceOrientationLandscapeLeft UIInterfaceOrientationLandscapeRight";
				INFOPLIST_KEY_UISupportedInterfaceOrientations_iPhone = "UIInterfaceOrientationPortrait UIInterfaceOrientationLandscapeLeft UIInterfaceOrientationLandscapeRight";
				LD_RUNPATH_SEARCH_PATHS = (
					"$(inherited)",
					"@executable_path/Frameworks",
				);
				MARKETING_VERSION = 1.0;
				PRODUCT_BUNDLE_IDENTIFIER = seanJ.FlashCards;
				PRODUCT_NAME = "$(TARGET_NAME)";
				SWIFT_EMIT_LOC_STRINGS = YES;
				SWIFT_VERSION = 5.0;
				TARGETED_DEVICE_FAMILY = "1,2";
			};
			name = Debug;
		};
		E9D9983E27397AAC0023F123 /* Release */ = {
			isa = XCBuildConfiguration;
			buildSettings = {
				ASSETCATALOG_COMPILER_APPICON_NAME = AppIcon;
				ASSETCATALOG_COMPILER_GLOBAL_ACCENT_COLOR_NAME = AccentColor;
				CODE_SIGN_STYLE = Automatic;
				CURRENT_PROJECT_VERSION = 1;
				DEVELOPMENT_TEAM = R2784TVUZS;
				GENERATE_INFOPLIST_FILE = YES;
				INFOPLIST_FILE = FlashCards/Info.plist;
				INFOPLIST_KEY_UIApplicationSupportsIndirectInputEvents = YES;
				INFOPLIST_KEY_UILaunchStoryboardName = LaunchScreen;
				INFOPLIST_KEY_UIMainStoryboardFile = Main;
				INFOPLIST_KEY_UISupportedInterfaceOrientations_iPad = "UIInterfaceOrientationPortrait UIInterfaceOrientationPortraitUpsideDown UIInterfaceOrientationLandscapeLeft UIInterfaceOrientationLandscapeRight";
				INFOPLIST_KEY_UISupportedInterfaceOrientations_iPhone = "UIInterfaceOrientationPortrait UIInterfaceOrientationLandscapeLeft UIInterfaceOrientationLandscapeRight";
				LD_RUNPATH_SEARCH_PATHS = (
					"$(inherited)",
					"@executable_path/Frameworks",
				);
				MARKETING_VERSION = 1.0;
				PRODUCT_BUNDLE_IDENTIFIER = seanJ.FlashCards;
				PRODUCT_NAME = "$(TARGET_NAME)";
				SWIFT_EMIT_LOC_STRINGS = YES;
				SWIFT_VERSION = 5.0;
				TARGETED_DEVICE_FAMILY = "1,2";
			};
			name = Release;
		};
		E9D9984027397AAC0023F123 /* Debug */ = {
			isa = XCBuildConfiguration;
			buildSettings = {
				ALWAYS_EMBED_SWIFT_STANDARD_LIBRARIES = YES;
				BUNDLE_LOADER = "$(TEST_HOST)";
				CODE_SIGN_STYLE = Automatic;
				CURRENT_PROJECT_VERSION = 1;
				DEVELOPMENT_TEAM = R2784TVUZS;
				GENERATE_INFOPLIST_FILE = YES;
				IPHONEOS_DEPLOYMENT_TARGET = 15.0;
				LD_RUNPATH_SEARCH_PATHS = (
					"$(inherited)",
					"@executable_path/Frameworks",
					"@loader_path/Frameworks",
				);
				MARKETING_VERSION = 1.0;
				PRODUCT_BUNDLE_IDENTIFIER = seanJ.FlashCardsTests;
				PRODUCT_NAME = "$(TARGET_NAME)";
				SWIFT_EMIT_LOC_STRINGS = NO;
				SWIFT_VERSION = 5.0;
				TARGETED_DEVICE_FAMILY = "1,2";
				TEST_HOST = "$(BUILT_PRODUCTS_DIR)/FlashCards.app/FlashCards";
			};
			name = Debug;
		};
		E9D9984127397AAC0023F123 /* Release */ = {
			isa = XCBuildConfiguration;
			buildSettings = {
				ALWAYS_EMBED_SWIFT_STANDARD_LIBRARIES = YES;
				BUNDLE_LOADER = "$(TEST_HOST)";
				CODE_SIGN_STYLE = Automatic;
				CURRENT_PROJECT_VERSION = 1;
				DEVELOPMENT_TEAM = R2784TVUZS;
				GENERATE_INFOPLIST_FILE = YES;
				IPHONEOS_DEPLOYMENT_TARGET = 15.0;
				LD_RUNPATH_SEARCH_PATHS = (
					"$(inherited)",
					"@executable_path/Frameworks",
					"@loader_path/Frameworks",
				);
				MARKETING_VERSION = 1.0;
				PRODUCT_BUNDLE_IDENTIFIER = seanJ.FlashCardsTests;
				PRODUCT_NAME = "$(TARGET_NAME)";
				SWIFT_EMIT_LOC_STRINGS = NO;
				SWIFT_VERSION = 5.0;
				TARGETED_DEVICE_FAMILY = "1,2";
				TEST_HOST = "$(BUILT_PRODUCTS_DIR)/FlashCards.app/FlashCards";
			};
			name = Release;
		};
		E9D9984327397AAC0023F123 /* Debug */ = {
			isa = XCBuildConfiguration;
			buildSettings = {
				ALWAYS_EMBED_SWIFT_STANDARD_LIBRARIES = YES;
				CODE_SIGN_STYLE = Automatic;
				CURRENT_PROJECT_VERSION = 1;
				DEVELOPMENT_TEAM = R2784TVUZS;
				GENERATE_INFOPLIST_FILE = YES;
				LD_RUNPATH_SEARCH_PATHS = (
					"$(inherited)",
					"@executable_path/Frameworks",
					"@loader_path/Frameworks",
				);
				MARKETING_VERSION = 1.0;
				PRODUCT_BUNDLE_IDENTIFIER = seanJ.FlashCardsUITests;
				PRODUCT_NAME = "$(TARGET_NAME)";
				SWIFT_EMIT_LOC_STRINGS = NO;
				SWIFT_VERSION = 5.0;
				TARGETED_DEVICE_FAMILY = "1,2";
				TEST_TARGET_NAME = FlashCards;
			};
			name = Debug;
		};
		E9D9984427397AAC0023F123 /* Release */ = {
			isa = XCBuildConfiguration;
			buildSettings = {
				ALWAYS_EMBED_SWIFT_STANDARD_LIBRARIES = YES;
				CODE_SIGN_STYLE = Automatic;
				CURRENT_PROJECT_VERSION = 1;
				DEVELOPMENT_TEAM = R2784TVUZS;
				GENERATE_INFOPLIST_FILE = YES;
				LD_RUNPATH_SEARCH_PATHS = (
					"$(inherited)",
					"@executable_path/Frameworks",
					"@loader_path/Frameworks",
				);
				MARKETING_VERSION = 1.0;
				PRODUCT_BUNDLE_IDENTIFIER = seanJ.FlashCardsUITests;
				PRODUCT_NAME = "$(TARGET_NAME)";
				SWIFT_EMIT_LOC_STRINGS = NO;
				SWIFT_VERSION = 5.0;
				TARGETED_DEVICE_FAMILY = "1,2";
				TEST_TARGET_NAME = FlashCards;
			};
			name = Release;
		};
/* End XCBuildConfiguration section */

/* Begin XCConfigurationList section */
		E9D9980D27397AA90023F123 /* Build configuration list for PBXProject "FlashCards" */ = {
			isa = XCConfigurationList;
			buildConfigurations = (
				E9D9983A27397AAC0023F123 /* Debug */,
				E9D9983B27397AAC0023F123 /* Release */,
			);
			defaultConfigurationIsVisible = 0;
			defaultConfigurationName = Release;
		};
		E9D9983C27397AAC0023F123 /* Build configuration list for PBXNativeTarget "FlashCards" */ = {
			isa = XCConfigurationList;
			buildConfigurations = (
				E9D9983D27397AAC0023F123 /* Debug */,
				E9D9983E27397AAC0023F123 /* Release */,
			);
			defaultConfigurationIsVisible = 0;
			defaultConfigurationName = Release;
		};
		E9D9983F27397AAC0023F123 /* Build configuration list for PBXNativeTarget "FlashCardsTests" */ = {
			isa = XCConfigurationList;
			buildConfigurations = (
				E9D9984027397AAC0023F123 /* Debug */,
				E9D9984127397AAC0023F123 /* Release */,
			);
			defaultConfigurationIsVisible = 0;
			defaultConfigurationName = Release;
		};
		E9D9984227397AAC0023F123 /* Build configuration list for PBXNativeTarget "FlashCardsUITests" */ = {
			isa = XCConfigurationList;
			buildConfigurations = (
				E9D9984327397AAC0023F123 /* Debug */,
				E9D9984427397AAC0023F123 /* Release */,
			);
			defaultConfigurationIsVisible = 0;
			defaultConfigurationName = Release;
		};
/* End XCConfigurationList section */

/* Begin XCRemoteSwiftPackageReference section */
		E9D9984E2739817E0023F123 /* XCRemoteSwiftPackageReference "firebase-ios-sdk" */ = {
			isa = XCRemoteSwiftPackageReference;
			repositoryURL = "https://github.com/firebase/firebase-ios-sdk.git";
			requirement = {
				kind = upToNextMajorVersion;
				minimumVersion = 8.0.0;
			};
		};
/* End XCRemoteSwiftPackageReference section */

/* Begin XCSwiftPackageProductDependency section */
		E9D9984F2739817E0023F123 /* FirebaseAuth */ = {
			isa = XCSwiftPackageProductDependency;
			package = E9D9984E2739817E0023F123 /* XCRemoteSwiftPackageReference "firebase-ios-sdk" */;
			productName = FirebaseAuth;
		};
		E9D998512739817E0023F123 /* FirebaseCrashlytics */ = {
			isa = XCSwiftPackageProductDependency;
			package = E9D9984E2739817E0023F123 /* XCRemoteSwiftPackageReference "firebase-ios-sdk" */;
			productName = FirebaseCrashlytics;
		};
		E9D998532739817E0023F123 /* FirebaseDatabase */ = {
			isa = XCSwiftPackageProductDependency;
			package = E9D9984E2739817E0023F123 /* XCRemoteSwiftPackageReference "firebase-ios-sdk" */;
			productName = FirebaseDatabase;
		};
		E9D998552739817E0023F123 /* FirebaseFirestore */ = {
			isa = XCSwiftPackageProductDependency;
			package = E9D9984E2739817E0023F123 /* XCRemoteSwiftPackageReference "firebase-ios-sdk" */;
			productName = FirebaseFirestore;
		};
		E9D998572739817E0023F123 /* FirebaseRemoteConfig */ = {
			isa = XCSwiftPackageProductDependency;
			package = E9D9984E2739817E0023F123 /* XCRemoteSwiftPackageReference "firebase-ios-sdk" */;
			productName = FirebaseRemoteConfig;
		};
/* End XCSwiftPackageProductDependency section */
	};
	rootObject = E9D9980A27397AA90023F123 /* Project object */;
}
